
Microsoft Visual Studio Solution File, Format Version 12.00
# Visual Studio 2012
Project("{FAE04EC0-301F-11D3-BF4B-00C04F79EFBC}") = "ProjectB", "ProjectB\ProjectB.csproj", "{5E8D1A62-ADCA-4CD8-93F6-F3BA7FA06851}"
EndProject
Project("{FAE04EC0-301F-11D3-BF4B-00C04F79EFBC}") = "ProjectA", "..\ProjectA\ProjectA\ProjectA.csproj", "{D718F634-4250-4648-9175-6966DAC49369}"
EndProject
Global
	GlobalSection(SolutionConfigurationPlatforms) = preSolution
		Debug|Any CPU = Debug|Any CPU
		Release|Any CPU = Release|Any CPU
	EndGlobalSection
	GlobalSection(ProjectConfigurationPlatforms) = postSolution
		{5E8D1A62-ADCA-4CD8-93F6-F3BA7FA06851}.Debug|Any CPU.ActiveCfg = Debug|Any CPU
		{5E8D1A62-ADCA-4CD8-93F6-F3BA7FA06851}.Debug|Any CPU.Build.0 = Debug|Any CPU
		{5E8D1A62-ADCA-4CD8-93F6-F3BA7FA06851}.Release|Any CPU.ActiveCfg = Release|Any CPU
		{5E8D1A62-ADCA-4CD8-93F6-F3BA7FA06851}.Release|Any CPU.Build.0 = Release|Any CPU
		{D718F634-4250-4648-9175-6966DAC49369}.Debug|Any CPU.ActiveCfg = Debug|Any CPU
		{D718F634-4250-4648-9175-6966DAC49369}.Debug|Any CPU.Build.0 = Debug|Any CPU
		{D718F634-4250-4648-9175-6966DAC49369}.Release|Any CPU.ActiveCfg = Release|Any CPU
		{D718F634-4250-4648-9175-6966DAC49369}.Release|Any CPU.Build.0 = Release|Any CPU
	EndGlobalSection
	GlobalSection(MonoDevelopProperties) = preSolution
		StartupItem = ProjectB\ProjectB.csproj
	EndGlobalSection
EndGlobal
